
Microsoft Visual Studio Solution File, Format Version 12.00
# Visual Studio Version 17
VisualStudioVersion = 17.7.34009.444
MinimumVisualStudioVersion = 10.0.40219.1
Project("{9A19103F-16F7-4668-BE54-9A1E7A4F7556}") = "Biblioteca.Apresentacao", "Biblioteca.Apresentacao\Biblioteca.Apresentacao.csproj", "{BFA6D29E-55CB-4889-AE3D-77DF89780BE6}"
EndProject
Project("{9A19103F-16F7-4668-BE54-9A1E7A4F7556}") = "Biblioteca.Dominio", "Biblioteca.Dominio\Biblioteca.Dominio.csproj", "{A75FF29D-6E91-494D-A20F-5503B4EB0A12}"
EndProject
Project("{9A19103F-16F7-4668-BE54-9A1E7A4F7556}") = "Biblioteca.Repositorio", "Biblioteca.Repositorio\Biblioteca.Repositorio.csproj", "{6BCF280E-789B-4D32-9B47-A62AAF3C6741}"
EndProject
Project("{9A19103F-16F7-4668-BE54-9A1E7A4F7556}") = "Biblioteca.Testes", "Biblioteca.Testes\Biblioteca.Testes.csproj", "{CDC5CEC7-9CA5-4A19-9F1E-D13FFB7B603F}"
EndProject
Global
	GlobalSection(SolutionConfigurationPlatforms) = preSolution
		Debug|Any CPU = Debug|Any CPU
		Release|Any CPU = Release|Any CPU
	EndGlobalSection
	GlobalSection(ProjectConfigurationPlatforms) = postSolution
		{BFA6D29E-55CB-4889-AE3D-77DF89780BE6}.Debug|Any CPU.ActiveCfg = Debug|Any CPU
		{BFA6D29E-55CB-4889-AE3D-77DF89780BE6}.Debug|Any CPU.Build.0 = Debug|Any CPU
		{BFA6D29E-55CB-4889-AE3D-77DF89780BE6}.Release|Any CPU.ActiveCfg = Release|Any CPU
		{BFA6D29E-55CB-4889-AE3D-77DF89780BE6}.Release|Any CPU.Build.0 = Release|Any CPU
		{A75FF29D-6E91-494D-A20F-5503B4EB0A12}.Debug|Any CPU.ActiveCfg = Debug|Any CPU
		{A75FF29D-6E91-494D-A20F-5503B4EB0A12}.Debug|Any CPU.Build.0 = Debug|Any CPU
		{A75FF29D-6E91-494D-A20F-5503B4EB0A12}.Release|Any CPU.ActiveCfg = Release|Any CPU
		{A75FF29D-6E91-494D-A20F-5503B4EB0A12}.Release|Any CPU.Build.0 = Release|Any CPU
		{6BCF280E-789B-4D32-9B47-A62AAF3C6741}.Debug|Any CPU.ActiveCfg = Debug|Any CPU
		{6BCF280E-789B-4D32-9B47-A62AAF3C6741}.Debug|Any CPU.Build.0 = Debug|Any CPU
		{6BCF280E-789B-4D32-9B47-A62AAF3C6741}.Release|Any CPU.ActiveCfg = Release|Any CPU
		{6BCF280E-789B-4D32-9B47-A62AAF3C6741}.Release|Any CPU.Build.0 = Release|Any CPU
		{CDC5CEC7-9CA5-4A19-9F1E-D13FFB7B603F}.Debug|Any CPU.ActiveCfg = Debug|Any CPU
		{CDC5CEC7-9CA5-4A19-9F1E-D13FFB7B603F}.Debug|Any CPU.Build.0 = Debug|Any CPU
		{CDC5CEC7-9CA5-4A19-9F1E-D13FFB7B603F}.Release|Any CPU.ActiveCfg = Release|Any CPU
		{CDC5CEC7-9CA5-4A19-9F1E-D13FFB7B603F}.Release|Any CPU.Build.0 = Release|Any CPU
	EndGlobalSection
	GlobalSection(SolutionProperties) = preSolution
		HideSolutionNode = FALSE
	EndGlobalSection
	GlobalSection(ExtensibilityGlobals) = postSolution
		SolutionGuid = {49A87CEE-E24C-46D3-B7F4-1CE9CBED980C}
	EndGlobalSection
EndGlobal
